{
  "name": "xliff_to_json_converter",
  "version": "0.0.6",
  "lockfileVersion": 1,
  "requires": true,
  "dependencies": {
    "banach-analysis": {
      "version": "0.8.4",
      "resolved": "https://registry.npmjs.org/banach-analysis/-/banach-analysis-0.8.4.tgz",
      "integrity": "sha512-wd/5B1Kp2aS2fVf1FO3BVVDO0G5LXfRvdhzRtSsYI4E9u+yA7GPjWBlWIgQvKMiuR3OCPjukzdv0Y+Slo/Wk8Q=="
    },
    "xmldom": {
      "version": "0.1.27",
      "resolved": "https://registry.npmjs.org/xmldom/-/xmldom-0.1.27.tgz",
      "integrity": "sha1-1QH5ezvbQDr4757MIFcxh6rawOk="
    }
  }
}
