{
  "name": "xliff_to_json_converter",
  "version": "0.0.5",
  "lockfileVersion": 1,
  "requires": true,
  "dependencies": {
    "banach-analysis": {
      "version": "0.8.3",
      "resolved": "https://registry.npmjs.org/banach-analysis/-/banach-analysis-0.8.3.tgz",
      "integrity": "sha512-bRLm7hydQGC2vcLURsO3WnuioDgmBhq9yBW7kVfsjsjCuVX0VPZGd0c32hROUVzZV8ZTfsffuvm5WV5U4vIE2Q=="
    },
    "xmldom": {
      "version": "0.1.27",
      "resolved": "https://registry.npmjs.org/xmldom/-/xmldom-0.1.27.tgz",
      "integrity": "sha1-1QH5ezvbQDr4757MIFcxh6rawOk="
    }
  }
}
